
Microsoft Visual Studio Solution File, Format Version 12.00
# Visual Studio Version 17
VisualStudioVersion = 17.12.35527.113
MinimumVisualStudioVersion = 10.0.40219.1
Project("{2150E333-8FDC-42A3-9474-1A3956D46DE8}") = "src", "src", "{E9F86042-816D-40B7-8B8F-CE27CD442C2B}"
EndProject
Project("{2150E333-8FDC-42A3-9474-1A3956D46DE8}") = "Platform", "Platform", "{B57ACD1A-2886-4394-8B49-F96052DFFEA9}"
EndProject
Project("{2150E333-8FDC-42A3-9474-1A3956D46DE8}") = "Services", "Services", "{3A87E552-E1E4-4B58-8BD1-F91BABDCB911}"
EndProject
Project("{2150E333-8FDC-42A3-9474-1A3956D46DE8}") = "FpsServer", "FpsServer", "{D364F51C-08AA-44A2-940B-A7C700942234}"
EndProject
Project("{2150E333-8FDC-42A3-9474-1A3956D46DE8}") = "MobaServer", "MobaServer", "{77818160-FC1E-4CCB-AA27-4B7E0D918BC9}"
EndProject
Project("{2150E333-8FDC-42A3-9474-1A3956D46DE8}") = "tests", "tests", "{B26AC501-85E1-41C9-84FB-E9E9B2E5E7C0}"
EndProject
Project("{2150E333-8FDC-42A3-9474-1A3956D46DE8}") = "Unit", "Unit", "{521060E1-5A41-4490-A7B0-75291847BDBB}"
EndProject
Project("{2150E333-8FDC-42A3-9474-1A3956D46DE8}") = "Integration", "Integration", "{7E5B5D17-E65B-4566-8553-62E9FFAF36B4}"
EndProject
Project("{FAE04EC0-301F-11D3-BF4B-00C04F79EFBC}") = "FpsServer.Application", "src\Services\FpsServer\FpsServer.Application\FpsServer.Application.csproj", "{0776D1EB-355F-4991-9B8A-FFE1251153CC}"
EndProject
Project("{FAE04EC0-301F-11D3-BF4B-00C04F79EFBC}") = "FpsServer.Application.Tests", "tests\Unit\FpsServer.Application.Tests\FpsServer.Application.Tests.csproj", "{87307168-89B2-4334-BC1F-01638D0A7CDD}"
EndProject
Project("{FAE04EC0-301F-11D3-BF4B-00C04F79EFBC}") = "FpsServer.Domain", "src\Services\FpsServer\FpsServer.Domain\FpsServer.Domain.csproj", "{E9FDB7EB-DCCD-4040-A292-98879CE9A755}"
EndProject
Project("{FAE04EC0-301F-11D3-BF4B-00C04F79EFBC}") = "FpsServer.Infrastructure", "src\Services\FpsServer\FpsServer.Infrastructure\FpsServer.Infrastructure.csproj", "{B9779735-110A-46BD-A461-FACEF06751BB}"
EndProject
Project("{FAE04EC0-301F-11D3-BF4B-00C04F79EFBC}") = "FpsServer.Infrastructure.Tests", "tests\Unit\FpsServer.Infrastructure.Tests\FpsServer.Infrastructure.Tests.csproj", "{6A008800-2576-4478-8FC4-5F9469EC0C36}"
EndProject
Project("{FAE04EC0-301F-11D3-BF4B-00C04F79EFBC}") = "FpsServer.Api", "src\Services\FpsServer\FpsServer.Api\FpsServer.Api.csproj", "{3FFEB0BE-016E-4DAF-A773-EEB82D89AE91}"
EndProject
Global
	GlobalSection(SolutionConfigurationPlatforms) = preSolution
		Debug|Any CPU = Debug|Any CPU
		Debug|x64 = Debug|x64
		Debug|x86 = Debug|x86
		Release|Any CPU = Release|Any CPU
		Release|x64 = Release|x64
		Release|x86 = Release|x86
	EndGlobalSection
	GlobalSection(ProjectConfigurationPlatforms) = postSolution
		{0776D1EB-355F-4991-9B8A-FFE1251153CC}.Debug|Any CPU.ActiveCfg = Debug|Any CPU
		{0776D1EB-355F-4991-9B8A-FFE1251153CC}.Debug|Any CPU.Build.0 = Debug|Any CPU
		{0776D1EB-355F-4991-9B8A-FFE1251153CC}.Debug|x64.ActiveCfg = Debug|Any CPU
		{0776D1EB-355F-4991-9B8A-FFE1251153CC}.Debug|x64.Build.0 = Debug|Any CPU
		{0776D1EB-355F-4991-9B8A-FFE1251153CC}.Debug|x86.ActiveCfg = Debug|Any CPU
		{0776D1EB-355F-4991-9B8A-FFE1251153CC}.Debug|x86.Build.0 = Debug|Any CPU
		{0776D1EB-355F-4991-9B8A-FFE1251153CC}.Release|Any CPU.ActiveCfg = Release|Any CPU
		{0776D1EB-355F-4991-9B8A-FFE1251153CC}.Release|Any CPU.Build.0 = Release|Any CPU
		{0776D1EB-355F-4991-9B8A-FFE1251153CC}.Release|x64.ActiveCfg = Release|Any CPU
		{0776D1EB-355F-4991-9B8A-FFE1251153CC}.Release|x64.Build.0 = Release|Any CPU
		{0776D1EB-355F-4991-9B8A-FFE1251153CC}.Release|x86.ActiveCfg = Release|Any CPU
		{0776D1EB-355F-4991-9B8A-FFE1251153CC}.Release|x86.Build.0 = Release|Any CPU
		{87307168-89B2-4334-BC1F-01638D0A7CDD}.Debug|Any CPU.ActiveCfg = Debug|Any CPU
		{87307168-89B2-4334-BC1F-01638D0A7CDD}.Debug|Any CPU.Build.0 = Debug|Any CPU
		{87307168-89B2-4334-BC1F-01638D0A7CDD}.Debug|x64.ActiveCfg = Debug|Any CPU
		{87307168-89B2-4334-BC1F-01638D0A7CDD}.Debug|x64.Build.0 = Debug|Any CPU
		{87307168-89B2-4334-BC1F-01638D0A7CDD}.Debug|x86.ActiveCfg = Debug|Any CPU
		{87307168-89B2-4334-BC1F-01638D0A7CDD}.Debug|x86.Build.0 = Debug|Any CPU
		{87307168-89B2-4334-BC1F-01638D0A7CDD}.Release|Any CPU.ActiveCfg = Release|Any CPU
		{87307168-89B2-4334-BC1F-01638D0A7CDD}.Release|Any CPU.Build.0 = Release|Any CPU
		{87307168-89B2-4334-BC1F-01638D0A7CDD}.Release|x64.ActiveCfg = Release|Any CPU
		{87307168-89B2-4334-BC1F-01638D0A7CDD}.Release|x64.Build.0 = Release|Any CPU
		{87307168-89B2-4334-BC1F-01638D0A7CDD}.Release|x86.ActiveCfg = Release|Any CPU
		{87307168-89B2-4334-BC1F-01638D0A7CDD}.Release|x86.Build.0 = Release|Any CPU
		{E9FDB7EB-DCCD-4040-A292-98879CE9A755}.Debug|Any CPU.ActiveCfg = Debug|Any CPU
		{E9FDB7EB-DCCD-4040-A292-98879CE9A755}.Debug|Any CPU.Build.0 = Debug|Any CPU
		{E9FDB7EB-DCCD-4040-A292-98879CE9A755}.Debug|x64.ActiveCfg = Debug|Any CPU
		{E9FDB7EB-DCCD-4040-A292-98879CE9A755}.Debug|x64.Build.0 = Debug|Any CPU
		{E9FDB7EB-DCCD-4040-A292-98879CE9A755}.Debug|x86.ActiveCfg = Debug|Any CPU
		{E9FDB7EB-DCCD-4040-A292-98879CE9A755}.Debug|x86.Build.0 = Debug|Any CPU
		{E9FDB7EB-DCCD-4040-A292-98879CE9A755}.Release|Any CPU.ActiveCfg = Release|Any CPU
		{E9FDB7EB-DCCD-4040-A292-98879CE9A755}.Release|Any CPU.Build.0 = Release|Any CPU
		{E9FDB7EB-DCCD-4040-A292-98879CE9A755}.Release|x64.ActiveCfg = Release|Any CPU
		{E9FDB7EB-DCCD-4040-A292-98879CE9A755}.Release|x64.Build.0 = Release|Any CPU
		{E9FDB7EB-DCCD-4040-A292-98879CE9A755}.Release|x86.ActiveCfg = Release|Any CPU
		{E9FDB7EB-DCCD-4040-A292-98879CE9A755}.Release|x86.Build.0 = Release|Any CPU
		{B9779735-110A-46BD-A461-FACEF06751BB}.Debug|Any CPU.ActiveCfg = Debug|Any CPU
		{B9779735-110A-46BD-A461-FACEF06751BB}.Debug|Any CPU.Build.0 = Debug|Any CPU
		{B9779735-110A-46BD-A461-FACEF06751BB}.Debug|x64.ActiveCfg = Debug|Any CPU
		{B9779735-110A-46BD-A461-FACEF06751BB}.Debug|x64.Build.0 = Debug|Any CPU
		{B9779735-110A-46BD-A461-FACEF06751BB}.Debug|x86.ActiveCfg = Debug|Any CPU
		{B9779735-110A-46BD-A461-FACEF06751BB}.Debug|x86.Build.0 = Debug|Any CPU
		{B9779735-110A-46BD-A461-FACEF06751BB}.Release|Any CPU.ActiveCfg = Release|Any CPU
		{B9779735-110A-46BD-A461-FACEF06751BB}.Release|Any CPU.Build.0 = Release|Any CPU
		{B9779735-110A-46BD-A461-FACEF06751BB}.Release|x64.ActiveCfg = Release|Any CPU
		{B9779735-110A-46BD-A461-FACEF06751BB}.Release|x64.Build.0 = Release|Any CPU
		{B9779735-110A-46BD-A461-FACEF06751BB}.Release|x86.ActiveCfg = Release|Any CPU
		{B9779735-110A-46BD-A461-FACEF06751BB}.Release|x86.Build.0 = Release|Any CPU
		{6A008800-2576-4478-8FC4-5F9469EC0C36}.Debug|Any CPU.ActiveCfg = Debug|Any CPU
		{6A008800-2576-4478-8FC4-5F9469EC0C36}.Debug|Any CPU.Build.0 = Debug|Any CPU
		{6A008800-2576-4478-8FC4-5F9469EC0C36}.Debug|x64.ActiveCfg = Debug|Any CPU
		{6A008800-2576-4478-8FC4-5F9469EC0C36}.Debug|x64.Build.0 = Debug|Any CPU
		{6A008800-2576-4478-8FC4-5F9469EC0C36}.Debug|x86.ActiveCfg = Debug|Any CPU
		{6A008800-2576-4478-8FC4-5F9469EC0C36}.Debug|x86.Build.0 = Debug|Any CPU
		{6A008800-2576-4478-8FC4-5F9469EC0C36}.Release|Any CPU.ActiveCfg = Release|Any CPU
		{6A008800-2576-4478-8FC4-5F9469EC0C36}.Release|Any CPU.Build.0 = Release|Any CPU
		{6A008800-2576-4478-8FC4-5F9469EC0C36}.Release|x64.ActiveCfg = Release|Any CPU
		{6A008800-2576-4478-8FC4-5F9469EC0C36}.Release|x64.Build.0 = Release|Any CPU
		{6A008800-2576-4478-8FC4-5F9469EC0C36}.Release|x86.ActiveCfg = Release|Any CPU
		{6A008800-2576-4478-8FC4-5F9469EC0C36}.Release|x86.Build.0 = Release|Any CPU
		{3FFEB0BE-016E-4DAF-A773-EEB82D89AE91}.Debug|Any CPU.ActiveCfg = Debug|Any CPU
		{3FFEB0BE-016E-4DAF-A773-EEB82D89AE91}.Debug|Any CPU.Build.0 = Debug|Any CPU
		{3FFEB0BE-016E-4DAF-A773-EEB82D89AE91}.Debug|x64.ActiveCfg = Debug|Any CPU
		{3FFEB0BE-016E-4DAF-A773-EEB82D89AE91}.Debug|x64.Build.0 = Debug|Any CPU
		{3FFEB0BE-016E-4DAF-A773-EEB82D89AE91}.Debug|x86.ActiveCfg = Debug|Any CPU
		{3FFEB0BE-016E-4DAF-A773-EEB82D89AE91}.Debug|x86.Build.0 = Debug|Any CPU
		{3FFEB0BE-016E-4DAF-A773-EEB82D89AE91}.Release|Any CPU.ActiveCfg = Release|Any CPU
		{3FFEB0BE-016E-4DAF-A773-EEB82D89AE91}.Release|Any CPU.Build.0 = Release|Any CPU
		{3FFEB0BE-016E-4DAF-A773-EEB82D89AE91}.Release|x64.ActiveCfg = Release|Any CPU
		{3FFEB0BE-016E-4DAF-A773-EEB82D89AE91}.Release|x64.Build.0 = Release|Any CPU
		{3FFEB0BE-016E-4DAF-A773-EEB82D89AE91}.Release|x86.ActiveCfg = Release|Any CPU
		{3FFEB0BE-016E-4DAF-A773-EEB82D89AE91}.Release|x86.Build.0 = Release|Any CPU
	EndGlobalSection
	GlobalSection(SolutionProperties) = preSolution
		HideSolutionNode = FALSE
	EndGlobalSection
	GlobalSection(NestedProjects) = preSolution
		{B57ACD1A-2886-4394-8B49-F96052DFFEA9} = {E9F86042-816D-40B7-8B8F-CE27CD442C2B}
		{3A87E552-E1E4-4B58-8BD1-F91BABDCB911} = {E9F86042-816D-40B7-8B8F-CE27CD442C2B}
		{D364F51C-08AA-44A2-940B-A7C700942234} = {3A87E552-E1E4-4B58-8BD1-F91BABDCB911}
		{77818160-FC1E-4CCB-AA27-4B7E0D918BC9} = {3A87E552-E1E4-4B58-8BD1-F91BABDCB911}
		{521060E1-5A41-4490-A7B0-75291847BDBB} = {B26AC501-85E1-41C9-84FB-E9E9B2E5E7C0}
		{7E5B5D17-E65B-4566-8553-62E9FFAF36B4} = {B26AC501-85E1-41C9-84FB-E9E9B2E5E7C0}
		{0776D1EB-355F-4991-9B8A-FFE1251153CC} = {D364F51C-08AA-44A2-940B-A7C700942234}
		{87307168-89B2-4334-BC1F-01638D0A7CDD} = {521060E1-5A41-4490-A7B0-75291847BDBB}
		{E9FDB7EB-DCCD-4040-A292-98879CE9A755} = {D364F51C-08AA-44A2-940B-A7C700942234}
		{B9779735-110A-46BD-A461-FACEF06751BB} = {D364F51C-08AA-44A2-940B-A7C700942234}
		{6A008800-2576-4478-8FC4-5F9469EC0C36} = {521060E1-5A41-4490-A7B0-75291847BDBB}
		{3FFEB0BE-016E-4DAF-A773-EEB82D89AE91} = {D364F51C-08AA-44A2-940B-A7C700942234}
	EndGlobalSection
EndGlobal
